
Microsoft Visual Studio Solution File, Format Version 12.00
# Visual Studio Version 16
VisualStudioVersion = 16.0.32929.386
MinimumVisualStudioVersion = 10.0.40219.1
Project("{FAE04EC0-301F-11D3-BF4B-00C04F79EFBC}") = "WebShop", "WebShop.csproj", "{FF4F7A30-4021-4DFA-AC88-E1245C33110A}"
EndProject
Global
	GlobalSection(SolutionConfigurationPlatforms) = preSolution
		Debug|Any CPU = Debug|Any CPU
		Release|Any CPU = Release|Any CPU
	EndGlobalSection
	GlobalSection(ProjectConfigurationPlatforms) = postSolution
		{FF4F7A30-4021-4DFA-AC88-E1245C33110A}.Debug|Any CPU.ActiveCfg = Debug|Any CPU
		{FF4F7A30-4021-4DFA-AC88-E1245C33110A}.Debug|Any CPU.Build.0 = Debug|Any CPU
		{FF4F7A30-4021-4DFA-AC88-E1245C33110A}.Release|Any CPU.ActiveCfg = Release|Any CPU
		{FF4F7A30-4021-4DFA-AC88-E1245C33110A}.Release|Any CPU.Build.0 = Release|Any CPU
	EndGlobalSection
	GlobalSection(SolutionProperties) = preSolution
		HideSolutionNode = FALSE
	EndGlobalSection
	GlobalSection(ExtensibilityGlobals) = postSolution
		SolutionGuid = {4CC85760-EBC7-4CF4-9989-00DD746971D8}
	EndGlobalSection
EndGlobal
